
Microsoft Visual Studio Solution File, Format Version 12.00
# Visual Studio Version 17
VisualStudioVersion = 17.11.35303.130
MinimumVisualStudioVersion = 10.0.40219.1
Project("{FAE04EC0-301F-11D3-BF4B-00C04F79EFBC}") = "1_Introduction", "1_Introduction\1_Introduction.csproj", "{61EC0290-25F5-477E-9BB0-08B2266B10C1}"
EndProject
Project("{FAE04EC0-301F-11D3-BF4B-00C04F79EFBC}") = "2_KeywordsAndIdentifiers", "2_KeywordsAndIdentifiers\2_KeywordsAndIdentifiers.csproj", "{954D29BF-6764-4E03-8199-85F82773F7B2}"
EndProject
Project("{FAE04EC0-301F-11D3-BF4B-00C04F79EFBC}") = "3_Variables", "3_Variables\3_Variables.csproj", "{86C17D67-E7C9-4E9B-B056-2927053BE565}"
EndProject
Global
	GlobalSection(SolutionConfigurationPlatforms) = preSolution
		Debug|Any CPU = Debug|Any CPU
		Release|Any CPU = Release|Any CPU
	EndGlobalSection
	GlobalSection(ProjectConfigurationPlatforms) = postSolution
		{61EC0290-25F5-477E-9BB0-08B2266B10C1}.Debug|Any CPU.ActiveCfg = Debug|Any CPU
		{61EC0290-25F5-477E-9BB0-08B2266B10C1}.Debug|Any CPU.Build.0 = Debug|Any CPU
		{61EC0290-25F5-477E-9BB0-08B2266B10C1}.Release|Any CPU.ActiveCfg = Release|Any CPU
		{61EC0290-25F5-477E-9BB0-08B2266B10C1}.Release|Any CPU.Build.0 = Release|Any CPU
		{954D29BF-6764-4E03-8199-85F82773F7B2}.Debug|Any CPU.ActiveCfg = Debug|Any CPU
		{954D29BF-6764-4E03-8199-85F82773F7B2}.Debug|Any CPU.Build.0 = Debug|Any CPU
		{954D29BF-6764-4E03-8199-85F82773F7B2}.Release|Any CPU.ActiveCfg = Release|Any CPU
		{954D29BF-6764-4E03-8199-85F82773F7B2}.Release|Any CPU.Build.0 = Release|Any CPU
		{86C17D67-E7C9-4E9B-B056-2927053BE565}.Debug|Any CPU.ActiveCfg = Debug|Any CPU
		{86C17D67-E7C9-4E9B-B056-2927053BE565}.Debug|Any CPU.Build.0 = Debug|Any CPU
		{86C17D67-E7C9-4E9B-B056-2927053BE565}.Release|Any CPU.ActiveCfg = Release|Any CPU
		{86C17D67-E7C9-4E9B-B056-2927053BE565}.Release|Any CPU.Build.0 = Release|Any CPU
	EndGlobalSection
	GlobalSection(SolutionProperties) = preSolution
		HideSolutionNode = FALSE
	EndGlobalSection
	GlobalSection(ExtensibilityGlobals) = postSolution
		SolutionGuid = {EDEEFBB4-3C6D-4D93-9E19-A603DBFE1D9D}
	EndGlobalSection
EndGlobal
